
Microsoft Visual Studio Solution File, Format Version 12.00
# Visual Studio 15
VisualStudioVersion = 15.0.26124.0
MinimumVisualStudioVersion = 15.0.26124.0
Project("{2150E333-8FDC-42A3-9474-1A3956D46DE8}") = "src", "src", "{BC2307C9-A982-4A6C-A384-11A16A454774}"
EndProject
Project("{FAE04EC0-301F-11D3-BF4B-00C04F79EFBC}") = "DataQI.EntityFrameworkCore", "src\DataQI.EntityFrameworkCore\DataQI.EntityFrameworkCore.csproj", "{AB1F8E3C-2F40-4129-92D4-CE654CB9CEC6}"
EndProject
Project("{2150E333-8FDC-42A3-9474-1A3956D46DE8}") = "test", "test", "{471D01CC-DF50-4A45-A462-BEE5101499F5}"
EndProject
Project("{FAE04EC0-301F-11D3-BF4B-00C04F79EFBC}") = "DataQI.EntityFrameworkCore.Test", "test\DataQI.EntityFrameworkCore.Test\DataQI.EntityFrameworkCore.Test.csproj", "{0A3D5CF6-49F3-4F6B-9393-B88D9CF002E0}"
EndProject
Global
	GlobalSection(SolutionConfigurationPlatforms) = preSolution
		Debug|Any CPU = Debug|Any CPU
		Debug|x64 = Debug|x64
		Debug|x86 = Debug|x86
		Release|Any CPU = Release|Any CPU
		Release|x64 = Release|x64
		Release|x86 = Release|x86
	EndGlobalSection
	GlobalSection(SolutionProperties) = preSolution
		HideSolutionNode = FALSE
	EndGlobalSection
	GlobalSection(ProjectConfigurationPlatforms) = postSolution
		{AB1F8E3C-2F40-4129-92D4-CE654CB9CEC6}.Debug|Any CPU.ActiveCfg = Debug|Any CPU
		{AB1F8E3C-2F40-4129-92D4-CE654CB9CEC6}.Debug|Any CPU.Build.0 = Debug|Any CPU
		{AB1F8E3C-2F40-4129-92D4-CE654CB9CEC6}.Debug|x64.ActiveCfg = Debug|Any CPU
		{AB1F8E3C-2F40-4129-92D4-CE654CB9CEC6}.Debug|x64.Build.0 = Debug|Any CPU
		{AB1F8E3C-2F40-4129-92D4-CE654CB9CEC6}.Debug|x86.ActiveCfg = Debug|Any CPU
		{AB1F8E3C-2F40-4129-92D4-CE654CB9CEC6}.Debug|x86.Build.0 = Debug|Any CPU
		{AB1F8E3C-2F40-4129-92D4-CE654CB9CEC6}.Release|Any CPU.ActiveCfg = Release|Any CPU
		{AB1F8E3C-2F40-4129-92D4-CE654CB9CEC6}.Release|Any CPU.Build.0 = Release|Any CPU
		{AB1F8E3C-2F40-4129-92D4-CE654CB9CEC6}.Release|x64.ActiveCfg = Release|Any CPU
		{AB1F8E3C-2F40-4129-92D4-CE654CB9CEC6}.Release|x64.Build.0 = Release|Any CPU
		{AB1F8E3C-2F40-4129-92D4-CE654CB9CEC6}.Release|x86.ActiveCfg = Release|Any CPU
		{AB1F8E3C-2F40-4129-92D4-CE654CB9CEC6}.Release|x86.Build.0 = Release|Any CPU
		{0A3D5CF6-49F3-4F6B-9393-B88D9CF002E0}.Debug|Any CPU.ActiveCfg = Debug|Any CPU
		{0A3D5CF6-49F3-4F6B-9393-B88D9CF002E0}.Debug|Any CPU.Build.0 = Debug|Any CPU
		{0A3D5CF6-49F3-4F6B-9393-B88D9CF002E0}.Debug|x64.ActiveCfg = Debug|Any CPU
		{0A3D5CF6-49F3-4F6B-9393-B88D9CF002E0}.Debug|x64.Build.0 = Debug|Any CPU
		{0A3D5CF6-49F3-4F6B-9393-B88D9CF002E0}.Debug|x86.ActiveCfg = Debug|Any CPU
		{0A3D5CF6-49F3-4F6B-9393-B88D9CF002E0}.Debug|x86.Build.0 = Debug|Any CPU
		{0A3D5CF6-49F3-4F6B-9393-B88D9CF002E0}.Release|Any CPU.ActiveCfg = Release|Any CPU
		{0A3D5CF6-49F3-4F6B-9393-B88D9CF002E0}.Release|Any CPU.Build.0 = Release|Any CPU
		{0A3D5CF6-49F3-4F6B-9393-B88D9CF002E0}.Release|x64.ActiveCfg = Release|Any CPU
		{0A3D5CF6-49F3-4F6B-9393-B88D9CF002E0}.Release|x64.Build.0 = Release|Any CPU
		{0A3D5CF6-49F3-4F6B-9393-B88D9CF002E0}.Release|x86.ActiveCfg = Release|Any CPU
		{0A3D5CF6-49F3-4F6B-9393-B88D9CF002E0}.Release|x86.Build.0 = Release|Any CPU
	EndGlobalSection
	GlobalSection(NestedProjects) = preSolution
		{AB1F8E3C-2F40-4129-92D4-CE654CB9CEC6} = {BC2307C9-A982-4A6C-A384-11A16A454774}
		{0A3D5CF6-49F3-4F6B-9393-B88D9CF002E0} = {471D01CC-DF50-4A45-A462-BEE5101499F5}
	EndGlobalSection
EndGlobal
